// !$*UTF8*$!
{
	archiveVersion = 1;
	classes = {
	};
	objectVersion = 77;
	objects = {

/* Begin PBXBuildFile section */
		4FCB14952EFDA8E100ADACA9 /* LiveKit in Frameworks */ = {isa = PBXBuildFile; productRef = 4FCB14942EFDA8E100ADACA9 /* LiveKit */; };
		4FF7E0222F02A57D003B6A35 /* KakaoSDKAuth in Frameworks */ = {isa = PBXBuildFile; productRef = 4FF7E0212F02A57D003B6A35 /* KakaoSDKAuth */; };
		4FF7E0242F02A57D003B6A35 /* KakaoSDKCommon in Frameworks */ = {isa = PBXBuildFile; productRef = 4FF7E0232F02A57D003B6A35 /* KakaoSDKCommon */; };
		4FF7E0262F02A57D003B6A35 /* KakaoSDKUser in Frameworks */ = {isa = PBXBuildFile; productRef = 4FF7E0252F02A57D003B6A35 /* KakaoSDKUser */; };
		4FF7E0282F02A57D003B6A35 /* KakaoSDKShare in Frameworks */ = {isa = PBXBuildFile; productRef = 4FF7E0272F02A57D003B6A35 /* KakaoSDKShare */; };
		4FF7E02A2F02A57D003B6A35 /* KakaoSDKTemplate in Frameworks */ = {isa = PBXBuildFile; productRef = 4FF7E0292F02A57D003B6A35 /* KakaoSDKTemplate */; };
/* End PBXBuildFile section */

/* Begin PBXContainerItemProxy section */
		4F0B95802EFD97C900B8DCDE /* PBXContainerItemProxy */ = {
			isa = PBXContainerItemProxy;
			containerPortal = 4F0B955C2EFD97C800B8DCDE /* Project object */;
			proxyType = 1;
			remoteGlobalIDString = 4F0B95632EFD97C800B8DCDE;
			remoteInfo = damso;
		};
/* End PBXContainerItemProxy section */

/* Begin PBXFileReference section */
		4F0B95642EFD97C800B8DCDE /* damso.app */ = {isa = PBXFileReference; explicitFileType = wrapper.application; includeInIndex = 0; path = damso.app; sourceTree = BUILT_PRODUCTS_DIR; };
		4F0B95782EFD97C900B8DCDE /* damsoTests.xctest */ = {isa = PBXFileReference; explicitFileType = wrapper.cfbundle; includeInIndex = 0; path = damsoTests.xctest; sourceTree = BUILT_PRODUCTS_DIR; };
/* End PBXFileReference section */

/* Begin PBXFileSystemSynchronizedBuildFileExceptionSet section */
		4FCB15662EFE369600ADACA9 /* Exceptions for "damso" folder in "damso" target */ = {
			isa = PBXFileSystemSynchronizedBuildFileExceptionSet;
			membershipExceptions = (
				Info.plist,
			);
			target = 4F0B95632EFD97C800B8DCDE /* damso */;
		};
		4FCB15672EFE369600ADACA9 /* Exceptions for "damsoTests" folder in "damsoTests" target */ = {
			isa = PBXFileSystemSynchronizedBuildFileExceptionSet;
			membershipExceptions = (
				Info.plist,
			);
			target = 4F0B95772EFD97C900B8DCDE /* damsoTests */;
		};
/* End PBXFileSystemSynchronizedBuildFileExceptionSet section */

/* Begin PBXFileSystemSynchronizedRootGroup section */
		4F0B95662EFD97C800B8DCDE /* damso */ = {
			isa = PBXFileSystemSynchronizedRootGroup;
			exceptions = (
				4FCB15662EFE369600ADACA9 /* Exceptions for "damso" folder in "damso" target */,
			);
			path = damso;
			sourceTree = "<group>";
		};
		4F0B95792EFD97C900B8DCDE /* damsoTests */ = {
			isa = PBXFileSystemSynchronizedRootGroup;
			exceptions = (
				4FCB15672EFE369600ADACA9 /* Exceptions for "damsoTests" folder in "damsoTests" target */,
			);
			path = damsoTests;
			sourceTree = "<group>";
		};
/* End PBXFileSystemSynchronizedRootGroup section */

/* Begin PBXFrameworksBuildPhase section */
		4F0B95612EFD97C800B8DCDE /* Frameworks */ = {
			isa = PBXFrameworksBuildPhase;
			buildActionMask = 2147483647;
			files = (
				4FF7E0262F02A57D003B6A35 /* KakaoSDKUser in Frameworks */,
				4FCB14952EFDA8E100ADACA9 /* LiveKit in Frameworks */,
				4FF7E0242F02A57D003B6A35 /* KakaoSDKCommon in Frameworks */,
				4FF7E0222F02A57D003B6A35 /* KakaoSDKAuth in Frameworks */,
				4FF7E0282F02A57D003B6A35 /* KakaoSDKShare in Frameworks */,
				4FF7E02A2F02A57D003B6A35 /* KakaoSDKTemplate in Frameworks */,
			);
			runOnlyForDeploymentPostprocessing = 0;
		};
		4F0B95752EFD97C900B8DCDE /* Frameworks */ = {
			isa = PBXFrameworksBuildPhase;
			buildActionMask = 2147483647;
			files = (
			);
			runOnlyForDeploymentPostprocessing = 0;
		};
/* End PBXFrameworksBuildPhase section */

/* Begin PBXGroup section */
		4F0B955B2EFD97C800B8DCDE = {
			isa = PBXGroup;
			children = (
				4F0B95662EFD97C800B8DCDE /* damso */,
				4F0B95792EFD97C900B8DCDE /* damsoTests */,
				4F0B95652EFD97C800B8DCDE /* Products */,
			);
			sourceTree = "<group>";
		};
		4F0B95652EFD97C800B8DCDE /* Products */ = {
			isa = PBXGroup;
			children = (
				4F0B95642EFD97C800B8DCDE /* damso.app */,
				4F0B95782EFD97C900B8DCDE /* damsoTests.xctest */,
			);
			name = Products;
			sourceTree = "<group>";
		};
/* End PBXGroup section */

/* Begin PBXNativeTarget section */
		4F0B95632EFD97C800B8DCDE /* damso */ = {
			isa = PBXNativeTarget;
			buildConfigurationList = 4F0B956F2EFD97C900B8DCDE /* Build configuration list for PBXNativeTarget "damso" */;
			buildPhases = (
				4F0B95602EFD97C800B8DCDE /* Sources */,
				4F0B95612EFD97C800B8DCDE /* Frameworks */,
				4F0B95622EFD97C800B8DCDE /* Resources */,
			);
			buildRules = (
			);
			dependencies = (
			);
			fileSystemSynchronizedGroups = (
				4F0B95662EFD97C800B8DCDE /* damso */,
			);
			name = damso;
			packageProductDependencies = (
				4FCB14942EFDA8E100ADACA9 /* LiveKit */,
				4FF7E0212F02A57D003B6A35 /* KakaoSDKAuth */,
				4FF7E0232F02A57D003B6A35 /* KakaoSDKCommon */,
				4FF7E0252F02A57D003B6A35 /* KakaoSDKUser */,
				4FF7E0272F02A57D003B6A35 /* KakaoSDKShare */,
				4FF7E0292F02A57D003B6A35 /* KakaoSDKTemplate */,
			);
			productName = damso;
			productReference = 4F0B95642EFD97C800B8DCDE /* damso.app */;
			productType = "com.apple.product-type.application";
		};
		4F0B95772EFD97C900B8DCDE /* damsoTests */ = {
			isa = PBXNativeTarget;
			buildConfigurationList = 4F0B957F2EFD97C900B8DCDE /* Build configuration list for PBXNativeTarget "damsoTests" */;
			buildPhases = (
				4F0B95742EFD97C900B8DCDE /* Sources */,
				4F0B95752EFD97C900B8DCDE /* Frameworks */,
				4F0B95762EFD97C900B8DCDE /* Resources */,
			);
			buildRules = (
			);
			dependencies = (
				4F0B95812EFD97C900B8DCDE /* PBXTargetDependency */,
			);
			fileSystemSynchronizedGroups = (
				4F0B95792EFD97C900B8DCDE /* damsoTests */,
			);
			name = damsoTests;
			packageProductDependencies = (
			);
			productName = damsoTests;
			productReference = 4F0B95782EFD97C900B8DCDE /* damsoTests.xctest */;
			productType = "com.apple.product-type.bundle.unit-test";
		};
/* End PBXNativeTarget section */

/* Begin PBXProject section */
		4F0B955C2EFD97C800B8DCDE /* Project object */ = {
			isa = PBXProject;
			attributes = {
				BuildIndependentTargetsInParallel = 1;
				LastSwiftUpdateCheck = 2620;
				LastUpgradeCheck = 2620;
				TargetAttributes = {
					4F0B95632EFD97C800B8DCDE = {
						CreatedOnToolsVersion = 26.2;
						SystemCapabilities = {
							com.apple.BackgroundModes = {
								enabled = 1;
							};
							com.apple.Push = {
								enabled = 1;
							};
						};
					};
					4F0B95772EFD97C900B8DCDE = {
						CreatedOnToolsVersion = 26.2;
						TestTargetID = 4F0B95632EFD97C800B8DCDE;
					};
				};
			};
			buildConfigurationList = 4F0B955F2EFD97C800B8DCDE /* Build configuration list for PBXProject "damso" */;
			developmentRegion = en;
			hasScannedForEncodings = 0;
			knownRegions = (
				en,
				Base,
			);
			mainGroup = 4F0B955B2EFD97C800B8DCDE;
			minimizedProjectReferenceProxies = 1;
			packageReferences = (
				4FCB14932EFDA8E100ADACA9 /* XCRemoteSwiftPackageReference "client-sdk-swift" */,
				4FF7E0202F02A57D003B6A35 /* XCRemoteSwiftPackageReference "kakao-ios-sdk" */,
			);
			preferredProjectObjectVersion = 77;
			productRefGroup = 4F0B95652EFD97C800B8DCDE /* Products */;
			projectDirPath = "";
			projectRoot = "";
			targets = (
				4F0B95632EFD97C800B8DCDE /* damso */,
				4F0B95772EFD97C900B8DCDE /* damsoTests */,
			);
		};
/* End PBXProject section */

/* Begin PBXResourcesBuildPhase section */
		4F0B95622EFD97C800B8DCDE /* Resources */ = {
			isa = PBXResourcesBuildPhase;
			buildActionMask = 2147483647;
			files = (
			);
			runOnlyForDeploymentPostprocessing = 0;
		};
		4F0B95762EFD97C900B8DCDE /* Resources */ = {
			isa = PBXResourcesBuildPhase;
			buildActionMask = 2147483647;
			files = (
			);
			runOnlyForDeploymentPostprocessing = 0;
		};
/* End PBXResourcesBuildPhase section */

/* Begin PBXSourcesBuildPhase section */
		4F0B95602EFD97C800B8DCDE /* Sources */ = {
			isa = PBXSourcesBuildPhase;
			buildActionMask = 2147483647;
			files = (
			);
			runOnlyForDeploymentPostprocessing = 0;
		};
		4F0B95742EFD97C900B8DCDE /* Sources */ = {
			isa = PBXSourcesBuildPhase;
			buildActionMask = 2147483647;
			files = (
			);
			runOnlyForDeploymentPostprocessing = 0;
		};
/* End PBXSourcesBuildPhase section */

/* Begin PBXTargetDependency section */
		4F0B95812EFD97C900B8DCDE /* PBXTargetDependency */ = {
			isa = PBXTargetDependency;
			target = 4F0B95632EFD97C800B8DCDE /* damso */;
			targetProxy = 4F0B95802EFD97C900B8DCDE /* PBXContainerItemProxy */;
		};
/* End PBXTargetDependency section */

/* Begin XCBuildConfiguration section */
		4F0B956D2EFD97C900B8DCDE /* Debug */ = {
			isa = XCBuildConfiguration;
			buildSettings = {
				ALWAYS_SEARCH_USER_PATHS = NO;
				ASSETCATALOG_COMPILER_GENERATE_SWIFT_ASSET_SYMBOL_EXTENSIONS = YES;
				CLANG_ANALYZER_NONNULL = YES;
				CLANG_ANALYZER_NUMBER_OBJECT_CONVERSION = YES_AGGRESSIVE;
				CLANG_CXX_LANGUAGE_STANDARD = "gnu++20";
				CLANG_ENABLE_MODULES = YES;
				CLANG_ENABLE_OBJC_ARC = YES;
				CLANG_ENABLE_OBJC_WEAK = YES;
				CLANG_WARN_BLOCK_CAPTURE_AUTORELEASING = YES;
				CLANG_WARN_BOOL_CONVERSION = YES;
				CLANG_WARN_COMMA = YES;
				CLANG_WARN_CONSTANT_CONVERSION = YES;
				CLANG_WARN_DEPRECATED_OBJC_IMPLEMENTATIONS = YES;
				CLANG_WARN_DIRECT_OBJC_ISA_USAGE = YES_ERROR;
				CLANG_WARN_DOCUMENTATION_COMMENTS = YES;
				CLANG_WARN_EMPTY_BODY = YES;
				CLANG_WARN_ENUM_CONVERSION = YES;
				CLANG_WARN_INFINITE_RECURSION = YES;
				CLANG_WARN_INT_CONVERSION = YES;
				CLANG_WARN_NON_LITERAL_NULL_CONVERSION = YES;
				CLANG_WARN_OBJC_IMPLICIT_RETAIN_SELF = YES;
				CLANG_WARN_OBJC_LITERAL_CONVERSION = YES;
				CLANG_WARN_OBJC_ROOT_CLASS = YES_ERROR;
				CLANG_WARN_QUOTED_INCLUDE_IN_FRAMEWORK_HEADER = YES;
				CLANG_WARN_RANGE_LOOP_ANALYSIS = YES;
				CLANG_WARN_STRICT_PROTOTYPES = YES;
				CLANG_WARN_SUSPICIOUS_MOVE = YES;
				CLANG_WARN_UNGUARDED_AVAILABILITY = YES_AGGRESSIVE;
				CLANG_WARN_UNREACHABLE_CODE = YES;
				CLANG_WARN__DUPLICATE_METHOD_MATCH = YES;
				COPY_PHASE_STRIP = NO;
				DEBUG_INFORMATION_FORMAT = dwarf;
				DEVELOPMENT_TEAM = 4Y5BW58548;
				ENABLE_STRICT_OBJC_MSGSEND = YES;
				ENABLE_TESTABILITY = YES;
				ENABLE_USER_SCRIPT_SANDBOXING = YES;
				GCC_C_LANGUAGE_STANDARD = gnu17;
				GCC_DYNAMIC_NO_PIC = NO;
				GCC_NO_COMMON_BLOCKS = YES;
				GCC_OPTIMIZATION_LEVEL = 0;
				GCC_PREPROCESSOR_DEFINITIONS = (
					"DEBUG=1",
					"$(inherited)",
				);
				GCC_WARN_64_TO_32_BIT_CONVERSION = YES;
				GCC_WARN_ABOUT_RETURN_TYPE = YES_ERROR;
				GCC_WARN_UNDECLARED_SELECTOR = YES;
				GCC_WARN_UNINITIALIZED_AUTOS = YES_AGGRESSIVE;
				GCC_WARN_UNUSED_FUNCTION = YES;
				GCC_WARN_UNUSED_VARIABLE = YES;
				IPHONEOS_DEPLOYMENT_TARGET = 16.0;
				LOCALIZATION_PREFERS_STRING_CATALOGS = YES;
				MTL_ENABLE_DEBUG_INFO = INCLUDE_SOURCE;
				MTL_FAST_MATH = YES;
				ONLY_ACTIVE_ARCH = YES;
				SDKROOT = iphoneos;
				SWIFT_ACTIVE_COMPILATION_CONDITIONS = "DEBUG $(inherited)";
				SWIFT_OPTIMIZATION_LEVEL = "-Onone";
			};
			name = Debug;
		};
		4F0B956E2EFD97C900B8DCDE /* Release */ = {
			isa = XCBuildConfiguration;
			buildSettings = {
				ALWAYS_SEARCH_USER_PATHS = NO;
				ASSETCATALOG_COMPILER_GENERATE_SWIFT_ASSET_SYMBOL_EXTENSIONS = YES;
				CLANG_ANALYZER_NONNULL = YES;
				CLANG_ANALYZER_NUMBER_OBJECT_CONVERSION = YES_AGGRESSIVE;
				CLANG_CXX_LANGUAGE_STANDARD = "gnu++20";
				CLANG_ENABLE_MODULES = YES;
				CLANG_ENABLE_OBJC_ARC = YES;
				CLANG_ENABLE_OBJC_WEAK = YES;
				CLANG_WARN_BLOCK_CAPTURE_AUTORELEASING = YES;
				CLANG_WARN_BOOL_CONVERSION = YES;
				CLANG_WARN_COMMA = YES;
				CLANG_WARN_CONSTANT_CONVERSION = YES;
				CLANG_WARN_DEPRECATED_OBJC_IMPLEMENTATIONS = YES;
				CLANG_WARN_DIRECT_OBJC_ISA_USAGE = YES_ERROR;
				CLANG_WARN_DOCUMENTATION_COMMENTS = YES;
				CLANG_WARN_EMPTY_BODY = YES;
				CLANG_WARN_ENUM_CONVERSION = YES;
				CLANG_WARN_INFINITE_RECURSION = YES;
				CLANG_WARN_INT_CONVERSION = YES;
				CLANG_WARN_NON_LITERAL_NULL_CONVERSION = YES;
				CLANG_WARN_OBJC_IMPLICIT_RETAIN_SELF = YES;
				CLANG_WARN_OBJC_LITERAL_CONVERSION = YES;
				CLANG_WARN_OBJC_ROOT_CLASS = YES_ERROR;
				CLANG_WARN_QUOTED_INCLUDE_IN_FRAMEWORK_HEADER = YES;
				CLANG_WARN_RANGE_LOOP_ANALYSIS = YES;
				CLANG_WARN_STRICT_PROTOTYPES = YES;
				CLANG_WARN_SUSPICIOUS_MOVE = YES;
				CLANG_WARN_UNGUARDED_AVAILABILITY = YES_AGGRESSIVE;
				CLANG_WARN_UNREACHABLE_CODE = YES;
				CLANG_WARN__DUPLICATE_METHOD_MATCH = YES;
				COPY_PHASE_STRIP = NO;
				DEBUG_INFORMATION_FORMAT = "dwarf-with-dsym";
				DEVELOPMENT_TEAM = 4Y5BW58548;
				ENABLE_NS_ASSERTIONS = NO;
				ENABLE_STRICT_OBJC_MSGSEND = YES;
				ENABLE_USER_SCRIPT_SANDBOXING = YES;
				GCC_C_LANGUAGE_STANDARD = gnu17;
				GCC_NO_COMMON_BLOCKS = YES;
				GCC_WARN_64_TO_32_BIT_CONVERSION = YES;
				GCC_WARN_ABOUT_RETURN_TYPE = YES_ERROR;
				GCC_WARN_UNDECLARED_SELECTOR = YES;
				GCC_WARN_UNINITIALIZED_AUTOS = YES_AGGRESSIVE;
				GCC_WARN_UNUSED_FUNCTION = YES;
				GCC_WARN_UNUSED_VARIABLE = YES;
				IPHONEOS_DEPLOYMENT_TARGET = 16.0;
				LOCALIZATION_PREFERS_STRING_CATALOGS = YES;
				MTL_ENABLE_DEBUG_INFO = NO;
				MTL_FAST_MATH = YES;
				SDKROOT = iphoneos;
				SWIFT_COMPILATION_MODE = wholemodule;
				VALIDATE_PRODUCT = YES;
			};
			name = Release;
		};
		4F0B95702EFD97C900B8DCDE /* Debug */ = {
			isa = XCBuildConfiguration;
			buildSettings = {
				ASSETCATALOG_COMPILER_APPICON_NAME = AppIcon;
				ASSETCATALOG_COMPILER_GLOBAL_ACCENT_COLOR_NAME = AccentColor;
				CODE_SIGN_ENTITLEMENTS = damso/damso.entitlements;
				CODE_SIGN_STYLE = Automatic;
				CURRENT_PROJECT_VERSION = 2;
				DEVELOPMENT_TEAM = 4Y5BW58548;
				ENABLE_PREVIEWS = YES;
				GENERATE_INFOPLIST_FILE = YES;
				INFOPLIST_FILE = damso/Info.plist;
				INFOPLIST_KEY_CFBundleIconName = AppIcon;
				INFOPLIST_KEY_NSCameraUsageDescription = "Camera access is required for video calls.";
				INFOPLIST_KEY_NSMicrophoneUsageDescription = "Microphone access is required for audio calls.";
				INFOPLIST_KEY_UIApplicationSceneManifest_Generation = YES;
				INFOPLIST_KEY_UIApplicationSupportsIndirectInputEvents = YES;
				INFOPLIST_KEY_UIBackgroundModes = "remote-notification voip";
				INFOPLIST_KEY_UILaunchScreen_Generation = YES;
				INFOPLIST_KEY_UIRequiresFullScreen = YES;
				INFOPLIST_KEY_UISupportedInterfaceOrientations = UIInterfaceOrientationPortrait;
				"INFOPLIST_KEY_UISupportedInterfaceOrientations~ipad" = "UIInterfaceOrientationPortrait UIInterfaceOrientationPortraitUpsideDown UIInterfaceOrientationLandscapeLeft UIInterfaceOrientationLandscapeRight";
				IPHONEOS_DEPLOYMENT_TARGET = 17.6;
				LD_RUNPATH_SEARCH_PATHS = (
					"$(inherited)",
					"@executable_path/Frameworks",
				);
				MARKETING_VERSION = 1.0;
				PRODUCT_BUNDLE_IDENTIFIER = com.ilim.damso;
				PRODUCT_NAME = "$(TARGET_NAME)";
				STRING_CATALOG_GENERATE_SYMBOLS = YES;
				SUPPORTED_PLATFORMS = "iphoneos iphonesimulator";
				SUPPORTS_MACCATALYST = NO;
				SUPPORTS_MAC_DESIGNED_FOR_IPHONE_IPAD = NO;
				SUPPORTS_XR_DESIGNED_FOR_IPHONE_IPAD = NO;
				SWIFT_APPROACHABLE_CONCURRENCY = YES;
				SWIFT_DEFAULT_ACTOR_ISOLATION = MainActor;
				SWIFT_EMIT_LOC_STRINGS = YES;
				SWIFT_UPCOMING_FEATURE_MEMBER_IMPORT_VISIBILITY = NO;
				SWIFT_VERSION = 6.0;
				TARGETED_DEVICE_FAMILY = "1,2";
			};
			name = Debug;
		};
		4F0B95712EFD97C900B8DCDE /* Release */ = {
			isa = XCBuildConfiguration;
			buildSettings = {
				ASSETCATALOG_COMPILER_APPICON_NAME = AppIcon;
				ASSETCATALOG_COMPILER_GLOBAL_ACCENT_COLOR_NAME = AccentColor;
				CODE_SIGN_ENTITLEMENTS = damso/damso.release.entitlements;
				CODE_SIGN_STYLE = Automatic;
				CURRENT_PROJECT_VERSION = 2;
				DEVELOPMENT_TEAM = 4Y5BW58548;
				ENABLE_PREVIEWS = YES;
				GENERATE_INFOPLIST_FILE = YES;
				INFOPLIST_FILE = damso/Info.plist;
				INFOPLIST_KEY_CFBundleIconName = AppIcon;
				INFOPLIST_KEY_NSCameraUsageDescription = "Camera access is required for video calls.";
				INFOPLIST_KEY_NSMicrophoneUsageDescription = "Microphone access is required for audio calls.";
				INFOPLIST_KEY_UIApplicationSceneManifest_Generation = YES;
				INFOPLIST_KEY_UIApplicationSupportsIndirectInputEvents = YES;
				INFOPLIST_KEY_UIBackgroundModes = "remote-notification voip";
				INFOPLIST_KEY_UILaunchScreen_Generation = YES;
				INFOPLIST_KEY_UIRequiresFullScreen = YES;
				INFOPLIST_KEY_UISupportedInterfaceOrientations = UIInterfaceOrientationPortrait;
				"INFOPLIST_KEY_UISupportedInterfaceOrientations~ipad" = "UIInterfaceOrientationPortrait UIInterfaceOrientationPortraitUpsideDown UIInterfaceOrientationLandscapeLeft UIInterfaceOrientationLandscapeRight";
				IPHONEOS_DEPLOYMENT_TARGET = 17.6;
				LD_RUNPATH_SEARCH_PATHS = (
					"$(inherited)",
					"@executable_path/Frameworks",
				);
				MARKETING_VERSION = 1.0;
				PRODUCT_BUNDLE_IDENTIFIER = com.ilim.damso;
				PRODUCT_NAME = "$(TARGET_NAME)";
				STRING_CATALOG_GENERATE_SYMBOLS = YES;
				SUPPORTED_PLATFORMS = "iphoneos iphonesimulator";
				SUPPORTS_MACCATALYST = NO;
				SUPPORTS_MAC_DESIGNED_FOR_IPHONE_IPAD = NO;
				SUPPORTS_XR_DESIGNED_FOR_IPHONE_IPAD = NO;
				SWIFT_APPROACHABLE_CONCURRENCY = YES;
				SWIFT_DEFAULT_ACTOR_ISOLATION = MainActor;
				SWIFT_EMIT_LOC_STRINGS = YES;
				SWIFT_UPCOMING_FEATURE_MEMBER_IMPORT_VISIBILITY = NO;
				SWIFT_VERSION = 6.0;
				TARGETED_DEVICE_FAMILY = "1,2";
			};
			name = Release;
		};
		4F0B957C2EFD97C900B8DCDE /* Debug */ = {
			isa = XCBuildConfiguration;
			buildSettings = {
				BUNDLE_LOADER = "$(TEST_HOST)";
				CODE_SIGN_STYLE = Automatic;
				CURRENT_PROJECT_VERSION = 1;
				DEVELOPMENT_TEAM = 4Y5BW58548;
				GENERATE_INFOPLIST_FILE = YES;
				INFOPLIST_FILE = damsoTests/Info.plist;
				IPHONEOS_DEPLOYMENT_TARGET = 17.6;
				LD_RUNPATH_SEARCH_PATHS = (
					"$(inherited)",
					"@executable_path/Frameworks",
					"@loader_path/Frameworks",
				);
				MARKETING_VERSION = 1.0;
				PRODUCT_BUNDLE_IDENTIFIER = com.ilim.damsoTests;
				PRODUCT_NAME = "$(TARGET_NAME)";
				SUPPORTED_PLATFORMS = "iphoneos iphonesimulator";
				SUPPORTS_MACCATALYST = NO;
				SWIFT_EMIT_LOC_STRINGS = NO;
				SWIFT_VERSION = 6.0;
				TARGETED_DEVICE_FAMILY = "1,2";
				TEST_HOST = "$(BUILT_PRODUCTS_DIR)/damso.app/$(BUNDLE_EXECUTABLE_FOLDER_PATH)/damso";
			};
			name = Debug;
		};
		4F0B957D2EFD97C900B8DCDE /* Release */ = {
			isa = XCBuildConfiguration;
			buildSettings = {
				BUNDLE_LOADER = "$(TEST_HOST)";
				CODE_SIGN_STYLE = Automatic;
				CURRENT_PROJECT_VERSION = 1;
				DEVELOPMENT_TEAM = 4Y5BW58548;
				GENERATE_INFOPLIST_FILE = YES;
				INFOPLIST_FILE = damsoTests/Info.plist;
				IPHONEOS_DEPLOYMENT_TARGET = 17.6;
				LD_RUNPATH_SEARCH_PATHS = (
					"$(inherited)",
					"@executable_path/Frameworks",
					"@loader_path/Frameworks",
				);
				MARKETING_VERSION = 1.0;
				PRODUCT_BUNDLE_IDENTIFIER = com.ilim.damsoTests;
				PRODUCT_NAME = "$(TARGET_NAME)";
				SUPPORTED_PLATFORMS = "iphoneos iphonesimulator";
				SUPPORTS_MACCATALYST = NO;
				SWIFT_EMIT_LOC_STRINGS = NO;
				SWIFT_VERSION = 6.0;
				TARGETED_DEVICE_FAMILY = "1,2";
				TEST_HOST = "$(BUILT_PRODUCTS_DIR)/damso.app/$(BUNDLE_EXECUTABLE_FOLDER_PATH)/damso";
			};
			name = Release;
		};
/* End XCBuildConfiguration section */

/* Begin XCConfigurationList section */
		4F0B955F2EFD97C800B8DCDE /* Build configuration list for PBXProject "damso" */ = {
			isa = XCConfigurationList;
			buildConfigurations = (
				4F0B956D2EFD97C900B8DCDE /* Debug */,
				4F0B956E2EFD97C900B8DCDE /* Release */,
			);
			defaultConfigurationIsVisible = 0;
			defaultConfigurationName = Release;
		};
		4F0B956F2EFD97C900B8DCDE /* Build configuration list for PBXNativeTarget "damso" */ = {
			isa = XCConfigurationList;
			buildConfigurations = (
				4F0B95702EFD97C900B8DCDE /* Debug */,
				4F0B95712EFD97C900B8DCDE /* Release */,
			);
			defaultConfigurationIsVisible = 0;
			defaultConfigurationName = Release;
		};
		4F0B957F2EFD97C900B8DCDE /* Build configuration list for PBXNativeTarget "damsoTests" */ = {
			isa = XCConfigurationList;
			buildConfigurations = (
				4F0B957C2EFD97C900B8DCDE /* Debug */,
				4F0B957D2EFD97C900B8DCDE /* Release */,
			);
			defaultConfigurationIsVisible = 0;
			defaultConfigurationName = Release;
		};
/* End XCConfigurationList section */

/* Begin XCRemoteSwiftPackageReference section */
		4FCB14932EFDA8E100ADACA9 /* XCRemoteSwiftPackageReference "client-sdk-swift" */ = {
			isa = XCRemoteSwiftPackageReference;
			repositoryURL = "https://github.com/livekit/client-sdk-swift";
			requirement = {
				kind = upToNextMajorVersion;
				minimumVersion = 2.10.2;
			};
		};
		4FF7E0202F02A57D003B6A35 /* XCRemoteSwiftPackageReference "kakao-ios-sdk" */ = {
			isa = XCRemoteSwiftPackageReference;
			repositoryURL = "https://github.com/kakao/kakao-ios-sdk";
			requirement = {
				kind = upToNextMajorVersion;
				minimumVersion = 2.27.0;
			};
		};
/* End XCRemoteSwiftPackageReference section */

/* Begin XCSwiftPackageProductDependency section */
		4FCB14942EFDA8E100ADACA9 /* LiveKit */ = {
			isa = XCSwiftPackageProductDependency;
			package = 4FCB14932EFDA8E100ADACA9 /* XCRemoteSwiftPackageReference "client-sdk-swift" */;
			productName = LiveKit;
		};
		4FF7E0212F02A57D003B6A35 /* KakaoSDKAuth */ = {
			isa = XCSwiftPackageProductDependency;
			package = 4FF7E0202F02A57D003B6A35 /* XCRemoteSwiftPackageReference "kakao-ios-sdk" */;
			productName = KakaoSDKAuth;
		};
		4FF7E0232F02A57D003B6A35 /* KakaoSDKCommon */ = {
			isa = XCSwiftPackageProductDependency;
			package = 4FF7E0202F02A57D003B6A35 /* XCRemoteSwiftPackageReference "kakao-ios-sdk" */;
			productName = KakaoSDKCommon;
		};
		4FF7E0252F02A57D003B6A35 /* KakaoSDKUser */ = {
			isa = XCSwiftPackageProductDependency;
			package = 4FF7E0202F02A57D003B6A35 /* XCRemoteSwiftPackageReference "kakao-ios-sdk" */;
			productName = KakaoSDKUser;
		};
		4FF7E0272F02A57D003B6A35 /* KakaoSDKShare */ = {
			isa = XCSwiftPackageProductDependency;
			package = 4FF7E0202F02A57D003B6A35 /* XCRemoteSwiftPackageReference "kakao-ios-sdk" */;
			productName = KakaoSDKShare;
		};
		4FF7E0292F02A57D003B6A35 /* KakaoSDKTemplate */ = {
			isa = XCSwiftPackageProductDependency;
			package = 4FF7E0202F02A57D003B6A35 /* XCRemoteSwiftPackageReference "kakao-ios-sdk" */;
			productName = KakaoSDKTemplate;
		};
/* End XCSwiftPackageProductDependency section */
	};
	rootObject = 4F0B955C2EFD97C800B8DCDE /* Project object */;
}
